
Microsoft Visual Studio Solution File, Format Version 12.00
# Visual Studio 14
VisualStudioVersion = 14.0.24720.0
MinimumVisualStudioVersion = 10.0.40219.1
Project("{FAE04EC0-301F-11D3-BF4B-00C04F79EFBC}") = "Application", "Application\Application.csproj", "{7921AF31-1F68-47A7-BEB7-FE09F5279A53}"
EndProject
Project("{FAE04EC0-301F-11D3-BF4B-00C04F79EFBC}") = "Application.Tests", "Application.Tests\Application.Tests.csproj", "{5BBAD9A6-1FE4-4866-BA4B-5A7D74DC772D}"
EndProject
Project("{FAE04EC0-301F-11D3-BF4B-00C04F79EFBC}") = "Website", "Website\Website.csproj", "{F2096F2E-F902-4D65-812D-3443E646A7C4}"
EndProject
Global
	GlobalSection(SolutionConfigurationPlatforms) = preSolution
		Debug|Any CPU = Debug|Any CPU
		Release|Any CPU = Release|Any CPU
	EndGlobalSection
	GlobalSection(ProjectConfigurationPlatforms) = postSolution
		{7921AF31-1F68-47A7-BEB7-FE09F5279A53}.Debug|Any CPU.ActiveCfg = Debug|Any CPU
		{7921AF31-1F68-47A7-BEB7-FE09F5279A53}.Debug|Any CPU.Build.0 = Debug|Any CPU
		{7921AF31-1F68-47A7-BEB7-FE09F5279A53}.Release|Any CPU.ActiveCfg = Release|Any CPU
		{7921AF31-1F68-47A7-BEB7-FE09F5279A53}.Release|Any CPU.Build.0 = Release|Any CPU
		{5BBAD9A6-1FE4-4866-BA4B-5A7D74DC772D}.Debug|Any CPU.ActiveCfg = Debug|Any CPU
		{5BBAD9A6-1FE4-4866-BA4B-5A7D74DC772D}.Debug|Any CPU.Build.0 = Debug|Any CPU
		{5BBAD9A6-1FE4-4866-BA4B-5A7D74DC772D}.Release|Any CPU.ActiveCfg = Release|Any CPU
		{5BBAD9A6-1FE4-4866-BA4B-5A7D74DC772D}.Release|Any CPU.Build.0 = Release|Any CPU
		{F2096F2E-F902-4D65-812D-3443E646A7C4}.Debug|Any CPU.ActiveCfg = Debug|Any CPU
		{F2096F2E-F902-4D65-812D-3443E646A7C4}.Debug|Any CPU.Build.0 = Debug|Any CPU
		{F2096F2E-F902-4D65-812D-3443E646A7C4}.Release|Any CPU.ActiveCfg = Release|Any CPU
		{F2096F2E-F902-4D65-812D-3443E646A7C4}.Release|Any CPU.Build.0 = Release|Any CPU
	EndGlobalSection
	GlobalSection(SolutionProperties) = preSolution
		HideSolutionNode = FALSE
	EndGlobalSection
EndGlobal
